
Microsoft Visual Studio Solution File, Format Version 12.00
# Visual Studio Express 2013 for Windows Desktop
VisualStudioVersion = 12.0.31101.0
MinimumVisualStudioVersion = 10.0.40219.1
Project("{FAE04EC0-301F-11D3-BF4B-00C04F79EFBC}") = "Insect", "Insect\Insect.csproj", "{0BBF22CD-CB7F-460F-8108-0115615A6152}"
EndProject
Project("{FAE04EC0-301F-11D3-BF4B-00C04F79EFBC}") = "Insect.Tests", "Insect.Tests\Insect.Tests.csproj", "{3DE3B452-3105-4BF0-B75A-7E82BDF406CA}"
EndProject
Project("{FAE04EC0-301F-11D3-BF4B-00C04F79EFBC}") = "Insect.IntegrationTests", "Insect.IntegrationTests\Insect.IntegrationTests.csproj", "{C5849788-DB43-441E-A0FD-AB6E0550C7C3}"
EndProject
Global
	GlobalSection(SolutionConfigurationPlatforms) = preSolution
		Debug|Any CPU = Debug|Any CPU
		Release|Any CPU = Release|Any CPU
	EndGlobalSection
	GlobalSection(ProjectConfigurationPlatforms) = postSolution
		{0BBF22CD-CB7F-460F-8108-0115615A6152}.Debug|Any CPU.ActiveCfg = Debug|Any CPU
		{0BBF22CD-CB7F-460F-8108-0115615A6152}.Debug|Any CPU.Build.0 = Debug|Any CPU
		{0BBF22CD-CB7F-460F-8108-0115615A6152}.Release|Any CPU.ActiveCfg = Release|Any CPU
		{0BBF22CD-CB7F-460F-8108-0115615A6152}.Release|Any CPU.Build.0 = Release|Any CPU
		{3DE3B452-3105-4BF0-B75A-7E82BDF406CA}.Debug|Any CPU.ActiveCfg = Debug|Any CPU
		{3DE3B452-3105-4BF0-B75A-7E82BDF406CA}.Debug|Any CPU.Build.0 = Debug|Any CPU
		{3DE3B452-3105-4BF0-B75A-7E82BDF406CA}.Release|Any CPU.ActiveCfg = Release|Any CPU
		{3DE3B452-3105-4BF0-B75A-7E82BDF406CA}.Release|Any CPU.Build.0 = Release|Any CPU
		{C5849788-DB43-441E-A0FD-AB6E0550C7C3}.Debug|Any CPU.ActiveCfg = Debug|Any CPU
		{C5849788-DB43-441E-A0FD-AB6E0550C7C3}.Debug|Any CPU.Build.0 = Debug|Any CPU
		{C5849788-DB43-441E-A0FD-AB6E0550C7C3}.Release|Any CPU.ActiveCfg = Release|Any CPU
		{C5849788-DB43-441E-A0FD-AB6E0550C7C3}.Release|Any CPU.Build.0 = Release|Any CPU
	EndGlobalSection
	GlobalSection(SolutionProperties) = preSolution
		HideSolutionNode = FALSE
	EndGlobalSection
EndGlobal
